
Microsoft Visual Studio Solution File, Format Version 12.00
# Visual Studio Version 16
VisualStudioVersion = 16.0.29001.49
MinimumVisualStudioVersion = 10.0.40219.1
Project("{FAE04EC0-301F-11D3-BF4B-00C04F79EFBC}") = "SalayV2", "SalayV2\SalayV2.csproj", "{8478FEFC-E490-4BCB-A8A9-10325E29D7F8}"
EndProject
Global
	GlobalSection(SolutionConfigurationPlatforms) = preSolution
		Debug|Any CPU = Debug|Any CPU
		Release|Any CPU = Release|Any CPU
	EndGlobalSection
	GlobalSection(ProjectConfigurationPlatforms) = postSolution
		{8478FEFC-E490-4BCB-A8A9-10325E29D7F8}.Debug|Any CPU.ActiveCfg = Debug|Any CPU
		{8478FEFC-E490-4BCB-A8A9-10325E29D7F8}.Debug|Any CPU.Build.0 = Debug|Any CPU
		{8478FEFC-E490-4BCB-A8A9-10325E29D7F8}.Release|Any CPU.ActiveCfg = Release|Any CPU
		{8478FEFC-E490-4BCB-A8A9-10325E29D7F8}.Release|Any CPU.Build.0 = Release|Any CPU
	EndGlobalSection
	GlobalSection(SolutionProperties) = preSolution
		HideSolutionNode = FALSE
	EndGlobalSection
	GlobalSection(ExtensibilityGlobals) = postSolution
		SolutionGuid = {118B3141-FC0D-417E-857E-EA686942324B}
	EndGlobalSection
EndGlobal
